
Microsoft Visual Studio Solution File, Format Version 12.00
# Visual Studio Version 17
VisualStudioVersion = 17.8.34330.188
MinimumVisualStudioVersion = 10.0.40219.1
Project("{9A19103F-16F7-4668-BE54-9A1E7A4F7556}") = "DHAPWebsite", "DHAPWebsite\DHAPWebsite.csproj", "{DA9DC9B7-96D6-452A-ACA0-9A25F567B0F2}"
EndProject
Project("{9A19103F-16F7-4668-BE54-9A1E7A4F7556}") = "DHAPWebsite.DbAccess", "DHAPWebsite.DbAccess\DHAPWebsite.DbAccess.csproj", "{F71FBA5A-465B-4EF1-8FB7-966912C055B8}"
EndProject
Global
	GlobalSection(SolutionConfigurationPlatforms) = preSolution
		Debug|Any CPU = Debug|Any CPU
		Release|Any CPU = Release|Any CPU
	EndGlobalSection
	GlobalSection(ProjectConfigurationPlatforms) = postSolution
		{DA9DC9B7-96D6-452A-ACA0-9A25F567B0F2}.Debug|Any CPU.ActiveCfg = Debug|Any CPU
		{DA9DC9B7-96D6-452A-ACA0-9A25F567B0F2}.Debug|Any CPU.Build.0 = Debug|Any CPU
		{DA9DC9B7-96D6-452A-ACA0-9A25F567B0F2}.Release|Any CPU.ActiveCfg = Release|Any CPU
		{DA9DC9B7-96D6-452A-ACA0-9A25F567B0F2}.Release|Any CPU.Build.0 = Release|Any CPU
		{F71FBA5A-465B-4EF1-8FB7-966912C055B8}.Debug|Any CPU.ActiveCfg = Debug|Any CPU
		{F71FBA5A-465B-4EF1-8FB7-966912C055B8}.Debug|Any CPU.Build.0 = Debug|Any CPU
		{F71FBA5A-465B-4EF1-8FB7-966912C055B8}.Release|Any CPU.ActiveCfg = Release|Any CPU
		{F71FBA5A-465B-4EF1-8FB7-966912C055B8}.Release|Any CPU.Build.0 = Release|Any CPU
	EndGlobalSection
	GlobalSection(SolutionProperties) = preSolution
		HideSolutionNode = FALSE
	EndGlobalSection
	GlobalSection(ExtensibilityGlobals) = postSolution
		SolutionGuid = {21D16A21-9618-4EA1-9B41-EF76B3F54CFB}
	EndGlobalSection
EndGlobal
